{
  "requires": true,
  "lockfileVersion": 1,
  "dependencies": {
    "funkcionalnostknjiga": {
      "version": "file:../funkcionalnostKnjiga",
      "requires": {
        "listaknjiga": "file:../listaKnjiga"
      },
      "dependencies": {
        "listaknjiga": {
          "version": "file:../listaKnjiga"
        }
      }
    }
  }
}
